
Microsoft Visual Studio Solution File, Format Version 12.00
# Visual Studio Version 17
VisualStudioVersion = 17.10.35122.118
MinimumVisualStudioVersion = 10.0.40219.1
Project("{FAE04EC0-301F-11D3-BF4B-00C04F79EFBC}") = "RobotProcessApplication", "RobotProcessApplication.csproj", "{DE011277-5B67-43DE-9772-B517C376E89C}"
EndProject
Global
	GlobalSection(SolutionConfigurationPlatforms) = preSolution
		Debug|Any CPU = Debug|Any CPU
		Release|Any CPU = Release|Any CPU
	EndGlobalSection
	GlobalSection(ProjectConfigurationPlatforms) = postSolution
		{DE011277-5B67-43DE-9772-B517C376E89C}.Debug|Any CPU.ActiveCfg = Debug|Any CPU
		{DE011277-5B67-43DE-9772-B517C376E89C}.Debug|Any CPU.Build.0 = Debug|Any CPU
		{DE011277-5B67-43DE-9772-B517C376E89C}.Release|Any CPU.ActiveCfg = Release|Any CPU
		{DE011277-5B67-43DE-9772-B517C376E89C}.Release|Any CPU.Build.0 = Release|Any CPU
	EndGlobalSection
	GlobalSection(SolutionProperties) = preSolution
		HideSolutionNode = FALSE
	EndGlobalSection
	GlobalSection(ExtensibilityGlobals) = postSolution
		SolutionGuid = {503AEF3F-2B2F-4EF4-9D26-160D05A92418}
	EndGlobalSection
EndGlobal
